<?xml version="1.0" encoding="utf-8"?>
<Project ToolsVersion="4.0" xmlns="http://schemas.microsoft.com/developer/msbuild/2003">
  <ItemGroup>
    <Filter Include="Source Files">
      <UniqueIdentifier>{4FC737F1-C7A5-4376-A066-2A32D752A2FF}</UniqueIdentifier>
      <Extensions>cpp;c;cc;cxx;c++;cppm;ixx;def;odl;idl;hpj;bat;asm;asmx</Extensions>
    </Filter>
    <Filter Include="Header Files">
      <UniqueIdentifier>{93995380-89BD-4b04-88EB-625FBE52EBFB}</UniqueIdentifier>
      <Extensions>h;hh;hpp;hxx;h++;hm;inl;inc;ipp;xsd</Extensions>
    </Filter>
    <Filter Include="Resource Files">
      <UniqueIdentifier>{67DA6AB6-F800-4c08-8B7A-83BB121AAD01}</UniqueIdentifier>
      <Extensions>rc;ico;cur;bmp;dlg;rc2;rct;bin;rgs;gif;jpg;jpeg;jpe;resx;tiff;tif;png;wav;mfcribbon-ms</Extensions>
    </Filter>
  </ItemGroup>
  <ItemGroup>
    <ClInclude Include="engine\Objects\Object.h">
      <Filter>Header Files</Filter>
    </ClInclude>
    <ClInclude Include="engine\Objects\Terrain.h">
      <Filter>Header Files</Filter>
    </ClInclude>
    <ClInclude Include="engine\Objects\Entity.h">
      <Filter>Header Files</Filter>
    </ClInclude>
    <ClInclude Include="engine\Objects\Element.h">
      <Filter>Header Files</Filter>
    </ClInclude>
    <ClInclude Include="game\Entities\Player.h">
      <Filter>Header Files</Filter>
    </ClInclude>
    <ClInclude Include="engine\physics\Collision.h">
      <Filter>Header Files</Filter>
    </ClInclude>
    <ClInclude Include="engine\misc\Engine.h">
      <Filter>Header Files</Filter>
    </ClInclude>
    <ClInclude Include="engine\renderer\BatchRendererV1\src\particle.h">
      <Filter>Header Files</Filter>
    </ClInclude>
    <ClInclude Include="engine\renderer\BatchRendererV1\src\render.h">
      <Filter>Header Files</Filter>
    </ClInclude>
    <ClInclude Include="engine\renderer\BatchRendererV1\src\rendererInclude.h">
      <Filter>Header Files</Filter>
    </ClInclude>
    <ClInclude Include="engine\renderer\BatchRendererV1\src\shader.h">
      <Filter>Header Files</Filter>
    </ClInclude>
    <ClInclude Include="engine\renderer\BatchRendererV1\src\Sprite.h">
      <Filter>Header Files</Filter>
    </ClInclude>
    <ClInclude Include="engine\renderer\BatchRendererV1\src\text.h">
      <Filter>Header Files</Filter>
    </ClInclude>
    <ClInclude Include="engine\renderer\BatchRendererV1\src\Transformer.h">
      <Filter>Header Files</Filter>
    </ClInclude>
    <ClInclude Include="engine\Objects\Light.h">
      <Filter>Header Files</Filter>
    </ClInclude>
    <ClInclude Include="engine\misc\mathStuff.h">
      <Filter>Header Files</Filter>
    </ClInclude>
    <ClInclude Include="engine\misc\Globals.h">
      <Filter>Header Files</Filter>
    </ClInclude>
    <ClInclude Include="game\main\Game.h">
      <Filter>Header Files</Filter>
    </ClInclude>
    <ClInclude Include="engine\misc\Logger.h">
      <Filter>Header Files</Filter>
    </ClInclude>
    <ClInclude Include="game\assets\graphics.h">
      <Filter>Header Files</Filter>
    </ClInclude>
    <ClInclude Include="engine\misc\Input.h">
      <Filter>Header Files</Filter>
    </ClInclude>
    <ClInclude Include="engine\physics\HBox.h">
      <Filter>Header Files</Filter>
    </ClInclude>
    <ClInclude Include="engine\physics\SimpleBody.h">
      <Filter>Header Files</Filter>
    </ClInclude>
    <ClInclude Include="engine\physics\Physics.h">
      <Filter>Header Files</Filter>
    </ClInclude>
    <ClInclude Include="engine\physics\PhysicsGlobals.h">
      <Filter>Header Files</Filter>
    </ClInclude>
  </ItemGroup>
  <ItemGroup>
    <ClCompile Include="engine\Objects\Object.cpp">
      <Filter>Source Files</Filter>
    </ClCompile>
    <ClCompile Include="engine\Objects\Terrain.cpp">
      <Filter>Source Files</Filter>
    </ClCompile>
    <ClCompile Include="engine\Objects\Entity.cpp">
      <Filter>Source Files</Filter>
    </ClCompile>
    <ClCompile Include="engine\Objects\Element.cpp">
      <Filter>Source Files</Filter>
    </ClCompile>
    <ClCompile Include="game\Entities\Player.cpp">
      <Filter>Source Files</Filter>
    </ClCompile>
    <ClCompile Include="game\main\main.cpp">
      <Filter>Source Files</Filter>
    </ClCompile>
    <ClCompile Include="engine\physics\Collision.cpp">
      <Filter>Source Files</Filter>
    </ClCompile>
    <ClCompile Include="engine\misc\Engine.cpp">
      <Filter>Source Files</Filter>
    </ClCompile>
    <ClCompile Include="engine\renderer\BatchRendererV1\src\glad.c">
      <Filter>Source Files</Filter>
    </ClCompile>
    <ClCompile Include="engine\renderer\BatchRendererV1\src\particle.cpp">
      <Filter>Source Files</Filter>
    </ClCompile>
    <ClCompile Include="engine\renderer\BatchRendererV1\src\render.cpp">
      <Filter>Source Files</Filter>
    </ClCompile>
    <ClCompile Include="engine\renderer\BatchRendererV1\src\rendererInclude.cpp">
      <Filter>Source Files</Filter>
    </ClCompile>
    <ClCompile Include="engine\renderer\BatchRendererV1\src\shader.cpp">
      <Filter>Source Files</Filter>
    </ClCompile>
    <ClCompile Include="engine\renderer\BatchRendererV1\src\Sprite.cpp">
      <Filter>Source Files</Filter>
    </ClCompile>
    <ClCompile Include="engine\renderer\BatchRendererV1\src\STB.cpp">
      <Filter>Source Files</Filter>
    </ClCompile>
    <ClCompile Include="engine\renderer\BatchRendererV1\src\text.cpp">
      <Filter>Source Files</Filter>
    </ClCompile>
    <ClCompile Include="engine\renderer\BatchRendererV1\src\Transformer.cpp">
      <Filter>Source Files</Filter>
    </ClCompile>
    <ClCompile Include="engine\Objects\Light.cpp">
      <Filter>Source Files</Filter>
    </ClCompile>
    <ClCompile Include="engine\misc\mathStuff.cpp">
      <Filter>Source Files</Filter>
    </ClCompile>
    <ClCompile Include="engine\misc\Globals.cpp">
      <Filter>Source Files</Filter>
    </ClCompile>
    <ClCompile Include="game\main\Game.cpp">
      <Filter>Source Files</Filter>
    </ClCompile>
    <ClCompile Include="engine\misc\Logger.cpp">
      <Filter>Source Files</Filter>
    </ClCompile>
    <ClCompile Include="game\assets\graphics.cpp">
      <Filter>Source Files</Filter>
    </ClCompile>
    <ClCompile Include="engine\misc\Input.cpp">
      <Filter>Source Files</Filter>
    </ClCompile>
    <ClCompile Include="engine\physics\HBox.cpp">
      <Filter>Source Files</Filter>
    </ClCompile>
    <ClCompile Include="engine\physics\SimpleBody.cpp">
      <Filter>Source Files</Filter>
    </ClCompile>
    <ClCompile Include="engine\physics\Physics.cpp">
      <Filter>Source Files</Filter>
    </ClCompile>
    <ClCompile Include="engine\physics\PhysicsGlobals.cpp">
      <Filter>Source Files</Filter>
    </ClCompile>
  </ItemGroup>
  <ItemGroup>
    <Text Include="changestoBatchRenderer.txt" />
  </ItemGroup>
</Project>